
Microsoft Visual Studio Solution File, Format Version 12.00
# Visual Studio 15
VisualStudioVersion = 15.0.28307.539
MinimumVisualStudioVersion = 10.0.40219.1
Project("{FAE04EC0-301F-11D3-BF4B-00C04F79EFBC}") = "DemoMobile.Android", "DemoMobile\DemoMobile.Android\DemoMobile.Android.csproj", "{EA2C8AA0-A902-45A5-B32B-4D8CEEBFC4DD}"
EndProject
Project("{FAE04EC0-301F-11D3-BF4B-00C04F79EFBC}") = "DemoMobile.iOS", "DemoMobile\DemoMobile.iOS\DemoMobile.iOS.csproj", "{A26D060E-D33E-47C7-B7BE-20A9CBFE7306}"
EndProject
Project("{FAE04EC0-301F-11D3-BF4B-00C04F79EFBC}") = "DemoMobile.UWP", "DemoMobile\DemoMobile.UWP\DemoMobile.UWP.csproj", "{B7CB72FE-BA91-4504-9CCF-A04F6033FF6F}"
EndProject
Project("{FAE04EC0-301F-11D3-BF4B-00C04F79EFBC}") = "DemoMobile", "DemoMobile\DemoMobile\DemoMobile.csproj", "{FAAFA32E-B0AF-4DDE-9460-503F55AF12CB}"
EndProject
Global
	GlobalSection(SolutionConfigurationPlatforms) = preSolution
		Debug|Any CPU = Debug|Any CPU
		Debug|ARM = Debug|ARM
		Debug|iPhone = Debug|iPhone
		Debug|iPhoneSimulator = Debug|iPhoneSimulator
		Debug|x64 = Debug|x64
		Debug|x86 = Debug|x86
		Release|Any CPU = Release|Any CPU
		Release|ARM = Release|ARM
		Release|iPhone = Release|iPhone
		Release|iPhoneSimulator = Release|iPhoneSimulator
		Release|x64 = Release|x64
		Release|x86 = Release|x86
	EndGlobalSection
	GlobalSection(ProjectConfigurationPlatforms) = postSolution
		{EA2C8AA0-A902-45A5-B32B-4D8CEEBFC4DD}.Debug|Any CPU.ActiveCfg = Debug|Any CPU
		{EA2C8AA0-A902-45A5-B32B-4D8CEEBFC4DD}.Debug|Any CPU.Build.0 = Debug|Any CPU
		{EA2C8AA0-A902-45A5-B32B-4D8CEEBFC4DD}.Debug|Any CPU.Deploy.0 = Debug|Any CPU
		{EA2C8AA0-A902-45A5-B32B-4D8CEEBFC4DD}.Debug|ARM.ActiveCfg = Debug|Any CPU
		{EA2C8AA0-A902-45A5-B32B-4D8CEEBFC4DD}.Debug|ARM.Build.0 = Debug|Any CPU
		{EA2C8AA0-A902-45A5-B32B-4D8CEEBFC4DD}.Debug|ARM.Deploy.0 = Debug|Any CPU
		{EA2C8AA0-A902-45A5-B32B-4D8CEEBFC4DD}.Debug|iPhone.ActiveCfg = Debug|Any CPU
		{EA2C8AA0-A902-45A5-B32B-4D8CEEBFC4DD}.Debug|iPhone.Build.0 = Debug|Any CPU
		{EA2C8AA0-A902-45A5-B32B-4D8CEEBFC4DD}.Debug|iPhone.Deploy.0 = Debug|Any CPU
		{EA2C8AA0-A902-45A5-B32B-4D8CEEBFC4DD}.Debug|iPhoneSimulator.ActiveCfg = Debug|Any CPU
		{EA2C8AA0-A902-45A5-B32B-4D8CEEBFC4DD}.Debug|iPhoneSimulator.Build.0 = Debug|Any CPU
		{EA2C8AA0-A902-45A5-B32B-4D8CEEBFC4DD}.Debug|iPhoneSimulator.Deploy.0 = Debug|Any CPU
		{EA2C8AA0-A902-45A5-B32B-4D8CEEBFC4DD}.Debug|x64.ActiveCfg = Debug|Any CPU
		{EA2C8AA0-A902-45A5-B32B-4D8CEEBFC4DD}.Debug|x64.Build.0 = Debug|Any CPU
		{EA2C8AA0-A902-45A5-B32B-4D8CEEBFC4DD}.Debug|x64.Deploy.0 = Debug|Any CPU
		{EA2C8AA0-A902-45A5-B32B-4D8CEEBFC4DD}.Debug|x86.ActiveCfg = Debug|Any CPU
		{EA2C8AA0-A902-45A5-B32B-4D8CEEBFC4DD}.Debug|x86.Build.0 = Debug|Any CPU
		{EA2C8AA0-A902-45A5-B32B-4D8CEEBFC4DD}.Debug|x86.Deploy.0 = Debug|Any CPU
		{EA2C8AA0-A902-45A5-B32B-4D8CEEBFC4DD}.Release|Any CPU.ActiveCfg = Release|Any CPU
		{EA2C8AA0-A902-45A5-B32B-4D8CEEBFC4DD}.Release|Any CPU.Build.0 = Release|Any CPU
		{EA2C8AA0-A902-45A5-B32B-4D8CEEBFC4DD}.Release|Any CPU.Deploy.0 = Release|Any CPU
		{EA2C8AA0-A902-45A5-B32B-4D8CEEBFC4DD}.Release|ARM.ActiveCfg = Release|Any CPU
		{EA2C8AA0-A902-45A5-B32B-4D8CEEBFC4DD}.Release|ARM.Build.0 = Release|Any CPU
		{EA2C8AA0-A902-45A5-B32B-4D8CEEBFC4DD}.Release|ARM.Deploy.0 = Release|Any CPU
		{EA2C8AA0-A902-45A5-B32B-4D8CEEBFC4DD}.Release|iPhone.ActiveCfg = Release|Any CPU
		{EA2C8AA0-A902-45A5-B32B-4D8CEEBFC4DD}.Release|iPhone.Build.0 = Release|Any CPU
		{EA2C8AA0-A902-45A5-B32B-4D8CEEBFC4DD}.Release|iPhone.Deploy.0 = Release|Any CPU
		{EA2C8AA0-A902-45A5-B32B-4D8CEEBFC4DD}.Release|iPhoneSimulator.ActiveCfg = Release|Any CPU
		{EA2C8AA0-A902-45A5-B32B-4D8CEEBFC4DD}.Release|iPhoneSimulator.Build.0 = Release|Any CPU
		{EA2C8AA0-A902-45A5-B32B-4D8CEEBFC4DD}.Release|iPhoneSimulator.Deploy.0 = Release|Any CPU
		{EA2C8AA0-A902-45A5-B32B-4D8CEEBFC4DD}.Release|x64.ActiveCfg = Release|Any CPU
		{EA2C8AA0-A902-45A5-B32B-4D8CEEBFC4DD}.Release|x64.Build.0 = Release|Any CPU
		{EA2C8AA0-A902-45A5-B32B-4D8CEEBFC4DD}.Release|x64.Deploy.0 = Release|Any CPU
		{EA2C8AA0-A902-45A5-B32B-4D8CEEBFC4DD}.Release|x86.ActiveCfg = Release|Any CPU
		{EA2C8AA0-A902-45A5-B32B-4D8CEEBFC4DD}.Release|x86.Build.0 = Release|Any CPU
		{EA2C8AA0-A902-45A5-B32B-4D8CEEBFC4DD}.Release|x86.Deploy.0 = Release|Any CPU
		{A26D060E-D33E-47C7-B7BE-20A9CBFE7306}.Debug|Any CPU.ActiveCfg = Debug|iPhone
		{A26D060E-D33E-47C7-B7BE-20A9CBFE7306}.Debug|ARM.ActiveCfg = Debug|iPhone
		{A26D060E-D33E-47C7-B7BE-20A9CBFE7306}.Debug|iPhone.ActiveCfg = Debug|iPhone
		{A26D060E-D33E-47C7-B7BE-20A9CBFE7306}.Debug|iPhone.Build.0 = Debug|iPhone
		{A26D060E-D33E-47C7-B7BE-20A9CBFE7306}.Debug|iPhoneSimulator.ActiveCfg = Debug|iPhoneSimulator
		{A26D060E-D33E-47C7-B7BE-20A9CBFE7306}.Debug|iPhoneSimulator.Build.0 = Debug|iPhoneSimulator
		{A26D060E-D33E-47C7-B7BE-20A9CBFE7306}.Debug|x64.ActiveCfg = Debug|iPhone
		{A26D060E-D33E-47C7-B7BE-20A9CBFE7306}.Debug|x86.ActiveCfg = Debug|iPhone
		{A26D060E-D33E-47C7-B7BE-20A9CBFE7306}.Release|Any CPU.ActiveCfg = Release|iPhone
		{A26D060E-D33E-47C7-B7BE-20A9CBFE7306}.Release|ARM.ActiveCfg = Release|iPhone
		{A26D060E-D33E-47C7-B7BE-20A9CBFE7306}.Release|iPhone.ActiveCfg = Release|iPhone
		{A26D060E-D33E-47C7-B7BE-20A9CBFE7306}.Release|iPhone.Build.0 = Release|iPhone
		{A26D060E-D33E-47C7-B7BE-20A9CBFE7306}.Release|iPhoneSimulator.ActiveCfg = Release|iPhoneSimulator
		{A26D060E-D33E-47C7-B7BE-20A9CBFE7306}.Release|iPhoneSimulator.Build.0 = Release|iPhoneSimulator
		{A26D060E-D33E-47C7-B7BE-20A9CBFE7306}.Release|x64.ActiveCfg = Release|iPhone
		{A26D060E-D33E-47C7-B7BE-20A9CBFE7306}.Release|x86.ActiveCfg = Release|iPhone
		{B7CB72FE-BA91-4504-9CCF-A04F6033FF6F}.Debug|Any CPU.ActiveCfg = Debug|x86
		{B7CB72FE-BA91-4504-9CCF-A04F6033FF6F}.Debug|ARM.ActiveCfg = Debug|ARM
		{B7CB72FE-BA91-4504-9CCF-A04F6033FF6F}.Debug|ARM.Build.0 = Debug|ARM
		{B7CB72FE-BA91-4504-9CCF-A04F6033FF6F}.Debug|ARM.Deploy.0 = Debug|ARM
		{B7CB72FE-BA91-4504-9CCF-A04F6033FF6F}.Debug|iPhone.ActiveCfg = Debug|x86
		{B7CB72FE-BA91-4504-9CCF-A04F6033FF6F}.Debug|iPhoneSimulator.ActiveCfg = Debug|x86
		{B7CB72FE-BA91-4504-9CCF-A04F6033FF6F}.Debug|x64.ActiveCfg = Debug|x64
		{B7CB72FE-BA91-4504-9CCF-A04F6033FF6F}.Debug|x64.Build.0 = Debug|x64
		{B7CB72FE-BA91-4504-9CCF-A04F6033FF6F}.Debug|x64.Deploy.0 = Debug|x64
		{B7CB72FE-BA91-4504-9CCF-A04F6033FF6F}.Debug|x86.ActiveCfg = Debug|x86
		{B7CB72FE-BA91-4504-9CCF-A04F6033FF6F}.Debug|x86.Build.0 = Debug|x86
		{B7CB72FE-BA91-4504-9CCF-A04F6033FF6F}.Debug|x86.Deploy.0 = Debug|x86
		{B7CB72FE-BA91-4504-9CCF-A04F6033FF6F}.Release|Any CPU.ActiveCfg = Release|x86
		{B7CB72FE-BA91-4504-9CCF-A04F6033FF6F}.Release|ARM.ActiveCfg = Release|ARM
		{B7CB72FE-BA91-4504-9CCF-A04F6033FF6F}.Release|ARM.Build.0 = Release|ARM
		{B7CB72FE-BA91-4504-9CCF-A04F6033FF6F}.Release|ARM.Deploy.0 = Release|ARM
		{B7CB72FE-BA91-4504-9CCF-A04F6033FF6F}.Release|iPhone.ActiveCfg = Release|x86
		{B7CB72FE-BA91-4504-9CCF-A04F6033FF6F}.Release|iPhoneSimulator.ActiveCfg = Release|x86
		{B7CB72FE-BA91-4504-9CCF-A04F6033FF6F}.Release|x64.ActiveCfg = Release|x64
		{B7CB72FE-BA91-4504-9CCF-A04F6033FF6F}.Release|x64.Build.0 = Release|x64
		{B7CB72FE-BA91-4504-9CCF-A04F6033FF6F}.Release|x64.Deploy.0 = Release|x64
		{B7CB72FE-BA91-4504-9CCF-A04F6033FF6F}.Release|x86.ActiveCfg = Release|x86
		{B7CB72FE-BA91-4504-9CCF-A04F6033FF6F}.Release|x86.Build.0 = Release|x86
		{B7CB72FE-BA91-4504-9CCF-A04F6033FF6F}.Release|x86.Deploy.0 = Release|x86
		{FAAFA32E-B0AF-4DDE-9460-503F55AF12CB}.Debug|Any CPU.ActiveCfg = Debug|Any CPU
		{FAAFA32E-B0AF-4DDE-9460-503F55AF12CB}.Debug|Any CPU.Build.0 = Debug|Any CPU
		{FAAFA32E-B0AF-4DDE-9460-503F55AF12CB}.Debug|ARM.ActiveCfg = Debug|Any CPU
		{FAAFA32E-B0AF-4DDE-9460-503F55AF12CB}.Debug|ARM.Build.0 = Debug|Any CPU
		{FAAFA32E-B0AF-4DDE-9460-503F55AF12CB}.Debug|iPhone.ActiveCfg = Debug|Any CPU
		{FAAFA32E-B0AF-4DDE-9460-503F55AF12CB}.Debug|iPhone.Build.0 = Debug|Any CPU
		{FAAFA32E-B0AF-4DDE-9460-503F55AF12CB}.Debug|iPhoneSimulator.ActiveCfg = Debug|Any CPU
		{FAAFA32E-B0AF-4DDE-9460-503F55AF12CB}.Debug|iPhoneSimulator.Build.0 = Debug|Any CPU
		{FAAFA32E-B0AF-4DDE-9460-503F55AF12CB}.Debug|x64.ActiveCfg = Debug|Any CPU
		{FAAFA32E-B0AF-4DDE-9460-503F55AF12CB}.Debug|x64.Build.0 = Debug|Any CPU
		{FAAFA32E-B0AF-4DDE-9460-503F55AF12CB}.Debug|x86.ActiveCfg = Debug|Any CPU
		{FAAFA32E-B0AF-4DDE-9460-503F55AF12CB}.Debug|x86.Build.0 = Debug|Any CPU
		{FAAFA32E-B0AF-4DDE-9460-503F55AF12CB}.Release|Any CPU.ActiveCfg = Release|Any CPU
		{FAAFA32E-B0AF-4DDE-9460-503F55AF12CB}.Release|Any CPU.Build.0 = Release|Any CPU
		{FAAFA32E-B0AF-4DDE-9460-503F55AF12CB}.Release|ARM.ActiveCfg = Release|Any CPU
		{FAAFA32E-B0AF-4DDE-9460-503F55AF12CB}.Release|ARM.Build.0 = Release|Any CPU
		{FAAFA32E-B0AF-4DDE-9460-503F55AF12CB}.Release|iPhone.ActiveCfg = Release|Any CPU
		{FAAFA32E-B0AF-4DDE-9460-503F55AF12CB}.Release|iPhone.Build.0 = Release|Any CPU
		{FAAFA32E-B0AF-4DDE-9460-503F55AF12CB}.Release|iPhoneSimulator.ActiveCfg = Release|Any CPU
		{FAAFA32E-B0AF-4DDE-9460-503F55AF12CB}.Release|iPhoneSimulator.Build.0 = Release|Any CPU
		{FAAFA32E-B0AF-4DDE-9460-503F55AF12CB}.Release|x64.ActiveCfg = Release|Any CPU
		{FAAFA32E-B0AF-4DDE-9460-503F55AF12CB}.Release|x64.Build.0 = Release|Any CPU
		{FAAFA32E-B0AF-4DDE-9460-503F55AF12CB}.Release|x86.ActiveCfg = Release|Any CPU
		{FAAFA32E-B0AF-4DDE-9460-503F55AF12CB}.Release|x86.Build.0 = Release|Any CPU
	EndGlobalSection
	GlobalSection(SolutionProperties) = preSolution
		HideSolutionNode = FALSE
	EndGlobalSection
	GlobalSection(ExtensibilityGlobals) = postSolution
		SolutionGuid = {49693017-6459-4036-9C16-F99763EB108F}
	EndGlobalSection
EndGlobal
